// !$*UTF8*$!
{
	archiveVersion = 1;
	classes = {
	};
	objectVersion = 56;
	objects = {

/* Begin PBXBuildFile section */
		31DF83B72B00C8AA0060AB55 /* AppDelegate.swift in Sources */ = {isa = PBXBuildFile; fileRef = 31DF83B62B00C8AA0060AB55 /* AppDelegate.swift */; };
		31DF83B92B00C8AA0060AB55 /* SceneDelegate.swift in Sources */ = {isa = PBXBuildFile; fileRef = 31DF83B82B00C8AA0060AB55 /* SceneDelegate.swift */; };
		31DF83BB2B00C8AA0060AB55 /* RMTabViewController.swift in Sources */ = {isa = PBXBuildFile; fileRef = 31DF83BA2B00C8AA0060AB55 /* RMTabViewController.swift */; };
		31DF83C02B00C8AC0060AB55 /* Assets.xcassets in Resources */ = {isa = PBXBuildFile; fileRef = 31DF83BF2B00C8AC0060AB55 /* Assets.xcassets */; };
		31DF83C32B00C8AC0060AB55 /* LaunchScreen.storyboard in Resources */ = {isa = PBXBuildFile; fileRef = 31DF83C12B00C8AC0060AB55 /* LaunchScreen.storyboard */; };
		31DF83CE2B00C8AC0060AB55 /* RickAndMortyTests.swift in Sources */ = {isa = PBXBuildFile; fileRef = 31DF83CD2B00C8AC0060AB55 /* RickAndMortyTests.swift */; };
		31DF83D82B00C8AC0060AB55 /* RickAndMortyUITests.swift in Sources */ = {isa = PBXBuildFile; fileRef = 31DF83D72B00C8AC0060AB55 /* RickAndMortyUITests.swift */; };
		31DF83DA2B00C8AC0060AB55 /* RickAndMortyUITestsLaunchTests.swift in Sources */ = {isa = PBXBuildFile; fileRef = 31DF83D92B00C8AC0060AB55 /* RickAndMortyUITestsLaunchTests.swift */; };
		31DF83EE2B00EAA70060AB55 /* RMLocation.swift in Sources */ = {isa = PBXBuildFile; fileRef = 31DF83ED2B00EAA70060AB55 /* RMLocation.swift */; };
		31DF83F22B00EAE00060AB55 /* RMCharacter.swift in Sources */ = {isa = PBXBuildFile; fileRef = 31DF83F12B00EAE00060AB55 /* RMCharacter.swift */; };
		31DF83F52B00EAFC0060AB55 /* RMEpisode.swift in Sources */ = {isa = PBXBuildFile; fileRef = 31DF83F42B00EAFC0060AB55 /* RMEpisode.swift */; };
		31DF83F82B00EC0C0060AB55 /* RMCharacterViewController.swift in Sources */ = {isa = PBXBuildFile; fileRef = 31DF83F72B00EC0C0060AB55 /* RMCharacterViewController.swift */; };
		31DF83FA2B00EC230060AB55 /* RMLocationViewController.swift in Sources */ = {isa = PBXBuildFile; fileRef = 31DF83F92B00EC230060AB55 /* RMLocationViewController.swift */; };
		31DF83FC2B00EC300060AB55 /* RMEpisodeViewController.swift in Sources */ = {isa = PBXBuildFile; fileRef = 31DF83FB2B00EC300060AB55 /* RMEpisodeViewController.swift */; };
		31DF83FE2B00EC460060AB55 /* RMSettingsViewController.swift in Sources */ = {isa = PBXBuildFile; fileRef = 31DF83FD2B00EC460060AB55 /* RMSettingsViewController.swift */; };
		31DF84002B00F80D0060AB55 /* RMService.swift in Sources */ = {isa = PBXBuildFile; fileRef = 31DF83FF2B00F80D0060AB55 /* RMService.swift */; };
		31DF84022B00F82A0060AB55 /* RMRequest.swift in Sources */ = {isa = PBXBuildFile; fileRef = 31DF84012B00F82A0060AB55 /* RMRequest.swift */; };
		31DF84042B00F9090060AB55 /* RMEndpoint.swift in Sources */ = {isa = PBXBuildFile; fileRef = 31DF84032B00F9090060AB55 /* RMEndpoint.swift */; };
/* End PBXBuildFile section */

/* Begin PBXContainerItemProxy section */
		31DF83CA2B00C8AC0060AB55 /* PBXContainerItemProxy */ = {
			isa = PBXContainerItemProxy;
			containerPortal = 31DF83AB2B00C8AA0060AB55 /* Project object */;
			proxyType = 1;
			remoteGlobalIDString = 31DF83B22B00C8AA0060AB55;
			remoteInfo = RickAndMorty;
		};
		31DF83D42B00C8AC0060AB55 /* PBXContainerItemProxy */ = {
			isa = PBXContainerItemProxy;
			containerPortal = 31DF83AB2B00C8AA0060AB55 /* Project object */;
			proxyType = 1;
			remoteGlobalIDString = 31DF83B22B00C8AA0060AB55;
			remoteInfo = RickAndMorty;
		};
/* End PBXContainerItemProxy section */

/* Begin PBXFileReference section */
		31DF83B32B00C8AA0060AB55 /* RickAndMorty.app */ = {isa = PBXFileReference; explicitFileType = wrapper.application; includeInIndex = 0; path = RickAndMorty.app; sourceTree = BUILT_PRODUCTS_DIR; };
		31DF83B62B00C8AA0060AB55 /* AppDelegate.swift */ = {isa = PBXFileReference; lastKnownFileType = sourcecode.swift; path = AppDelegate.swift; sourceTree = "<group>"; };
		31DF83B82B00C8AA0060AB55 /* SceneDelegate.swift */ = {isa = PBXFileReference; lastKnownFileType = sourcecode.swift; path = SceneDelegate.swift; sourceTree = "<group>"; };
		31DF83BA2B00C8AA0060AB55 /* RMTabViewController.swift */ = {isa = PBXFileReference; lastKnownFileType = sourcecode.swift; path = RMTabViewController.swift; sourceTree = "<group>"; };
		31DF83BF2B00C8AC0060AB55 /* Assets.xcassets */ = {isa = PBXFileReference; lastKnownFileType = folder.assetcatalog; path = Assets.xcassets; sourceTree = "<group>"; };
		31DF83C22B00C8AC0060AB55 /* Base */ = {isa = PBXFileReference; lastKnownFileType = file.storyboard; name = Base; path = Base.lproj/LaunchScreen.storyboard; sourceTree = "<group>"; };
		31DF83C42B00C8AC0060AB55 /* Info.plist */ = {isa = PBXFileReference; lastKnownFileType = text.plist.xml; path = Info.plist; sourceTree = "<group>"; };
		31DF83C92B00C8AC0060AB55 /* RickAndMortyTests.xctest */ = {isa = PBXFileReference; explicitFileType = wrapper.cfbundle; includeInIndex = 0; path = RickAndMortyTests.xctest; sourceTree = BUILT_PRODUCTS_DIR; };
		31DF83CD2B00C8AC0060AB55 /* RickAndMortyTests.swift */ = {isa = PBXFileReference; lastKnownFileType = sourcecode.swift; path = RickAndMortyTests.swift; sourceTree = "<group>"; };
		31DF83D32B00C8AC0060AB55 /* RickAndMortyUITests.xctest */ = {isa = PBXFileReference; explicitFileType = wrapper.cfbundle; includeInIndex = 0; path = RickAndMortyUITests.xctest; sourceTree = BUILT_PRODUCTS_DIR; };
		31DF83D72B00C8AC0060AB55 /* RickAndMortyUITests.swift */ = {isa = PBXFileReference; lastKnownFileType = sourcecode.swift; path = RickAndMortyUITests.swift; sourceTree = "<group>"; };
		31DF83D92B00C8AC0060AB55 /* RickAndMortyUITestsLaunchTests.swift */ = {isa = PBXFileReference; lastKnownFileType = sourcecode.swift; path = RickAndMortyUITestsLaunchTests.swift; sourceTree = "<group>"; };
		31DF83ED2B00EAA70060AB55 /* RMLocation.swift */ = {isa = PBXFileReference; lastKnownFileType = sourcecode.swift; path = RMLocation.swift; sourceTree = "<group>"; };
		31DF83F12B00EAE00060AB55 /* RMCharacter.swift */ = {isa = PBXFileReference; lastKnownFileType = sourcecode.swift; path = RMCharacter.swift; sourceTree = "<group>"; };
		31DF83F42B00EAFC0060AB55 /* RMEpisode.swift */ = {isa = PBXFileReference; lastKnownFileType = sourcecode.swift; path = RMEpisode.swift; sourceTree = "<group>"; };
		31DF83F72B00EC0C0060AB55 /* RMCharacterViewController.swift */ = {isa = PBXFileReference; lastKnownFileType = sourcecode.swift; path = RMCharacterViewController.swift; sourceTree = "<group>"; };
		31DF83F92B00EC230060AB55 /* RMLocationViewController.swift */ = {isa = PBXFileReference; lastKnownFileType = sourcecode.swift; path = RMLocationViewController.swift; sourceTree = "<group>"; };
		31DF83FB2B00EC300060AB55 /* RMEpisodeViewController.swift */ = {isa = PBXFileReference; lastKnownFileType = sourcecode.swift; path = RMEpisodeViewController.swift; sourceTree = "<group>"; };
		31DF83FD2B00EC460060AB55 /* RMSettingsViewController.swift */ = {isa = PBXFileReference; lastKnownFileType = sourcecode.swift; path = RMSettingsViewController.swift; sourceTree = "<group>"; };
		31DF83FF2B00F80D0060AB55 /* RMService.swift */ = {isa = PBXFileReference; lastKnownFileType = sourcecode.swift; path = RMService.swift; sourceTree = "<group>"; };
		31DF84012B00F82A0060AB55 /* RMRequest.swift */ = {isa = PBXFileReference; lastKnownFileType = sourcecode.swift; path = RMRequest.swift; sourceTree = "<group>"; };
		31DF84032B00F9090060AB55 /* RMEndpoint.swift */ = {isa = PBXFileReference; lastKnownFileType = sourcecode.swift; path = RMEndpoint.swift; sourceTree = "<group>"; };
/* End PBXFileReference section */

/* Begin PBXFrameworksBuildPhase section */
		31DF83B02B00C8AA0060AB55 /* Frameworks */ = {
			isa = PBXFrameworksBuildPhase;
			buildActionMask = 2147483647;
			files = (
			);
			runOnlyForDeploymentPostprocessing = 0;
		};
		31DF83C62B00C8AC0060AB55 /* Frameworks */ = {
			isa = PBXFrameworksBuildPhase;
			buildActionMask = 2147483647;
			files = (
			);
			runOnlyForDeploymentPostprocessing = 0;
		};
		31DF83D02B00C8AC0060AB55 /* Frameworks */ = {
			isa = PBXFrameworksBuildPhase;
			buildActionMask = 2147483647;
			files = (
			);
			runOnlyForDeploymentPostprocessing = 0;
		};
/* End PBXFrameworksBuildPhase section */

/* Begin PBXGroup section */
		31DF83AA2B00C8AA0060AB55 = {
			isa = PBXGroup;
			children = (
				31DF83B52B00C8AA0060AB55 /* RickAndMorty */,
				31DF83CC2B00C8AC0060AB55 /* RickAndMortyTests */,
				31DF83D62B00C8AC0060AB55 /* RickAndMortyUITests */,
				31DF83B42B00C8AA0060AB55 /* Products */,
			);
			sourceTree = "<group>";
		};
		31DF83B42B00C8AA0060AB55 /* Products */ = {
			isa = PBXGroup;
			children = (
				31DF83B32B00C8AA0060AB55 /* RickAndMorty.app */,
				31DF83C92B00C8AC0060AB55 /* RickAndMortyTests.xctest */,
				31DF83D32B00C8AC0060AB55 /* RickAndMortyUITests.xctest */,
			);
			name = Products;
			sourceTree = "<group>";
		};
		31DF83B52B00C8AA0060AB55 /* RickAndMorty */ = {
			isa = PBXGroup;
			children = (
				31DF83EC2B00EA390060AB55 /* Resources */,
				31DF83EB2B00CB210060AB55 /* APIClient */,
				31DF83EA2B00CB0D0060AB55 /* Managers */,
				31DF83E92B00CAF00060AB55 /* ViewModels */,
				31DF83E82B00CAE00060AB55 /* Views */,
				31DF83E72B00CAD20060AB55 /* Models */,
				31DF83E62B00CABA0060AB55 /* Controllers */,
				31DF83C42B00C8AC0060AB55 /* Info.plist */,
			);
			path = RickAndMorty;
			sourceTree = "<group>";
		};
		31DF83CC2B00C8AC0060AB55 /* RickAndMortyTests */ = {
			isa = PBXGroup;
			children = (
				31DF83CD2B00C8AC0060AB55 /* RickAndMortyTests.swift */,
			);
			path = RickAndMortyTests;
			sourceTree = "<group>";
		};
		31DF83D62B00C8AC0060AB55 /* RickAndMortyUITests */ = {
			isa = PBXGroup;
			children = (
				31DF83D72B00C8AC0060AB55 /* RickAndMortyUITests.swift */,
				31DF83D92B00C8AC0060AB55 /* RickAndMortyUITestsLaunchTests.swift */,
			);
			path = RickAndMortyUITests;
			sourceTree = "<group>";
		};
		31DF83E62B00CABA0060AB55 /* Controllers */ = {
			isa = PBXGroup;
			children = (
				31DF83F62B00EBCB0060AB55 /* Core */,
			);
			path = Controllers;
			sourceTree = "<group>";
		};
		31DF83E72B00CAD20060AB55 /* Models */ = {
			isa = PBXGroup;
			children = (
				31DF83ED2B00EAA70060AB55 /* RMLocation.swift */,
				31DF83F12B00EAE00060AB55 /* RMCharacter.swift */,
				31DF83F42B00EAFC0060AB55 /* RMEpisode.swift */,
			);
			path = Models;
			sourceTree = "<group>";
		};
		31DF83E82B00CAE00060AB55 /* Views */ = {
			isa = PBXGroup;
			children = (
			);
			path = Views;
			sourceTree = "<group>";
		};
		31DF83E92B00CAF00060AB55 /* ViewModels */ = {
			isa = PBXGroup;
			children = (
			);
			path = ViewModels;
			sourceTree = "<group>";
		};
		31DF83EA2B00CB0D0060AB55 /* Managers */ = {
			isa = PBXGroup;
			children = (
			);
			path = Managers;
			sourceTree = "<group>";
		};
		31DF83EB2B00CB210060AB55 /* APIClient */ = {
			isa = PBXGroup;
			children = (
				31DF83FF2B00F80D0060AB55 /* RMService.swift */,
				31DF84012B00F82A0060AB55 /* RMRequest.swift */,
				31DF84032B00F9090060AB55 /* RMEndpoint.swift */,
			);
			path = APIClient;
			sourceTree = "<group>";
		};
		31DF83EC2B00EA390060AB55 /* Resources */ = {
			isa = PBXGroup;
			children = (
				31DF83BF2B00C8AC0060AB55 /* Assets.xcassets */,
				31DF83C12B00C8AC0060AB55 /* LaunchScreen.storyboard */,
				31DF83B62B00C8AA0060AB55 /* AppDelegate.swift */,
				31DF83B82B00C8AA0060AB55 /* SceneDelegate.swift */,
			);
			path = Resources;
			sourceTree = "<group>";
		};
		31DF83F62B00EBCB0060AB55 /* Core */ = {
			isa = PBXGroup;
			children = (
				31DF83BA2B00C8AA0060AB55 /* RMTabViewController.swift */,
				31DF83F72B00EC0C0060AB55 /* RMCharacterViewController.swift */,
				31DF83F92B00EC230060AB55 /* RMLocationViewController.swift */,
				31DF83FB2B00EC300060AB55 /* RMEpisodeViewController.swift */,
				31DF83FD2B00EC460060AB55 /* RMSettingsViewController.swift */,
			);
			path = Core;
			sourceTree = "<group>";
		};
/* End PBXGroup section */

/* Begin PBXNativeTarget section */
		31DF83B22B00C8AA0060AB55 /* RickAndMorty */ = {
			isa = PBXNativeTarget;
			buildConfigurationList = 31DF83DD2B00C8AC0060AB55 /* Build configuration list for PBXNativeTarget "RickAndMorty" */;
			buildPhases = (
				31DF83AF2B00C8AA0060AB55 /* Sources */,
				31DF83B02B00C8AA0060AB55 /* Frameworks */,
				31DF83B12B00C8AA0060AB55 /* Resources */,
			);
			buildRules = (
			);
			dependencies = (
			);
			name = RickAndMorty;
			productName = RickAndMorty;
			productReference = 31DF83B32B00C8AA0060AB55 /* RickAndMorty.app */;
			productType = "com.apple.product-type.application";
		};
		31DF83C82B00C8AC0060AB55 /* RickAndMortyTests */ = {
			isa = PBXNativeTarget;
			buildConfigurationList = 31DF83E02B00C8AC0060AB55 /* Build configuration list for PBXNativeTarget "RickAndMortyTests" */;
			buildPhases = (
				31DF83C52B00C8AC0060AB55 /* Sources */,
				31DF83C62B00C8AC0060AB55 /* Frameworks */,
				31DF83C72B00C8AC0060AB55 /* Resources */,
			);
			buildRules = (
			);
			dependencies = (
				31DF83CB2B00C8AC0060AB55 /* PBXTargetDependency */,
			);
			name = RickAndMortyTests;
			productName = RickAndMortyTests;
			productReference = 31DF83C92B00C8AC0060AB55 /* RickAndMortyTests.xctest */;
			productType = "com.apple.product-type.bundle.unit-test";
		};
		31DF83D22B00C8AC0060AB55 /* RickAndMortyUITests */ = {
			isa = PBXNativeTarget;
			buildConfigurationList = 31DF83E32B00C8AC0060AB55 /* Build configuration list for PBXNativeTarget "RickAndMortyUITests" */;
			buildPhases = (
				31DF83CF2B00C8AC0060AB55 /* Sources */,
				31DF83D02B00C8AC0060AB55 /* Frameworks */,
				31DF83D12B00C8AC0060AB55 /* Resources */,
			);
			buildRules = (
			);
			dependencies = (
				31DF83D52B00C8AC0060AB55 /* PBXTargetDependency */,
			);
			name = RickAndMortyUITests;
			productName = RickAndMortyUITests;
			productReference = 31DF83D32B00C8AC0060AB55 /* RickAndMortyUITests.xctest */;
			productType = "com.apple.product-type.bundle.ui-testing";
		};
/* End PBXNativeTarget section */

/* Begin PBXProject section */
		31DF83AB2B00C8AA0060AB55 /* Project object */ = {
			isa = PBXProject;
			attributes = {
				BuildIndependentTargetsInParallel = 1;
				LastSwiftUpdateCheck = 1430;
				LastUpgradeCheck = 1430;
				TargetAttributes = {
					31DF83B22B00C8AA0060AB55 = {
						CreatedOnToolsVersion = 14.3.1;
					};
					31DF83C82B00C8AC0060AB55 = {
						CreatedOnToolsVersion = 14.3.1;
						TestTargetID = 31DF83B22B00C8AA0060AB55;
					};
					31DF83D22B00C8AC0060AB55 = {
						CreatedOnToolsVersion = 14.3.1;
						TestTargetID = 31DF83B22B00C8AA0060AB55;
					};
				};
			};
			buildConfigurationList = 31DF83AE2B00C8AA0060AB55 /* Build configuration list for PBXProject "RickAndMorty" */;
			compatibilityVersion = "Xcode 14.0";
			developmentRegion = en;
			hasScannedForEncodings = 0;
			knownRegions = (
				en,
				Base,
			);
			mainGroup = 31DF83AA2B00C8AA0060AB55;
			productRefGroup = 31DF83B42B00C8AA0060AB55 /* Products */;
			projectDirPath = "";
			projectRoot = "";
			targets = (
				31DF83B22B00C8AA0060AB55 /* RickAndMorty */,
				31DF83C82B00C8AC0060AB55 /* RickAndMortyTests */,
				31DF83D22B00C8AC0060AB55 /* RickAndMortyUITests */,
			);
		};
/* End PBXProject section */

/* Begin PBXResourcesBuildPhase section */
		31DF83B12B00C8AA0060AB55 /* Resources */ = {
			isa = PBXResourcesBuildPhase;
			buildActionMask = 2147483647;
			files = (
				31DF83C32B00C8AC0060AB55 /* LaunchScreen.storyboard in Resources */,
				31DF83C02B00C8AC0060AB55 /* Assets.xcassets in Resources */,
			);
			runOnlyForDeploymentPostprocessing = 0;
		};
		31DF83C72B00C8AC0060AB55 /* Resources */ = {
			isa = PBXResourcesBuildPhase;
			buildActionMask = 2147483647;
			files = (
			);
			runOnlyForDeploymentPostprocessing = 0;
		};
		31DF83D12B00C8AC0060AB55 /* Resources */ = {
			isa = PBXResourcesBuildPhase;
			buildActionMask = 2147483647;
			files = (
			);
			runOnlyForDeploymentPostprocessing = 0;
		};
/* End PBXResourcesBuildPhase section */

/* Begin PBXSourcesBuildPhase section */
		31DF83AF2B00C8AA0060AB55 /* Sources */ = {
			isa = PBXSourcesBuildPhase;
			buildActionMask = 2147483647;
			files = (
				31DF83FA2B00EC230060AB55 /* RMLocationViewController.swift in Sources */,
				31DF83F52B00EAFC0060AB55 /* RMEpisode.swift in Sources */,
				31DF83BB2B00C8AA0060AB55 /* RMTabViewController.swift in Sources */,
				31DF83FC2B00EC300060AB55 /* RMEpisodeViewController.swift in Sources */,
				31DF83B72B00C8AA0060AB55 /* AppDelegate.swift in Sources */,
				31DF83B92B00C8AA0060AB55 /* SceneDelegate.swift in Sources */,
				31DF83FE2B00EC460060AB55 /* RMSettingsViewController.swift in Sources */,
				31DF84002B00F80D0060AB55 /* RMService.swift in Sources */,
				31DF83EE2B00EAA70060AB55 /* RMLocation.swift in Sources */,
				31DF84042B00F9090060AB55 /* RMEndpoint.swift in Sources */,
				31DF83F22B00EAE00060AB55 /* RMCharacter.swift in Sources */,
				31DF84022B00F82A0060AB55 /* RMRequest.swift in Sources */,
				31DF83F82B00EC0C0060AB55 /* RMCharacterViewController.swift in Sources */,
			);
			runOnlyForDeploymentPostprocessing = 0;
		};
		31DF83C52B00C8AC0060AB55 /* Sources */ = {
			isa = PBXSourcesBuildPhase;
			buildActionMask = 2147483647;
			files = (
				31DF83CE2B00C8AC0060AB55 /* RickAndMortyTests.swift in Sources */,
			);
			runOnlyForDeploymentPostprocessing = 0;
		};
		31DF83CF2B00C8AC0060AB55 /* Sources */ = {
			isa = PBXSourcesBuildPhase;
			buildActionMask = 2147483647;
			files = (
				31DF83D82B00C8AC0060AB55 /* RickAndMortyUITests.swift in Sources */,
				31DF83DA2B00C8AC0060AB55 /* RickAndMortyUITestsLaunchTests.swift in Sources */,
			);
			runOnlyForDeploymentPostprocessing = 0;
		};
/* End PBXSourcesBuildPhase section */

/* Begin PBXTargetDependency section */
		31DF83CB2B00C8AC0060AB55 /* PBXTargetDependency */ = {
			isa = PBXTargetDependency;
			target = 31DF83B22B00C8AA0060AB55 /* RickAndMorty */;
			targetProxy = 31DF83CA2B00C8AC0060AB55 /* PBXContainerItemProxy */;
		};
		31DF83D52B00C8AC0060AB55 /* PBXTargetDependency */ = {
			isa = PBXTargetDependency;
			target = 31DF83B22B00C8AA0060AB55 /* RickAndMorty */;
			targetProxy = 31DF83D42B00C8AC0060AB55 /* PBXContainerItemProxy */;
		};
/* End PBXTargetDependency section */

/* Begin PBXVariantGroup section */
		31DF83C12B00C8AC0060AB55 /* LaunchScreen.storyboard */ = {
			isa = PBXVariantGroup;
			children = (
				31DF83C22B00C8AC0060AB55 /* Base */,
			);
			name = LaunchScreen.storyboard;
			sourceTree = "<group>";
		};
/* End PBXVariantGroup section */

/* Begin XCBuildConfiguration section */
		31DF83DB2B00C8AC0060AB55 /* Debug */ = {
			isa = XCBuildConfiguration;
			buildSettings = {
				ALWAYS_SEARCH_USER_PATHS = NO;
				CLANG_ANALYZER_NONNULL = YES;
				CLANG_ANALYZER_NUMBER_OBJECT_CONVERSION = YES_AGGRESSIVE;
				CLANG_CXX_LANGUAGE_STANDARD = "gnu++20";
				CLANG_ENABLE_MODULES = YES;
				CLANG_ENABLE_OBJC_ARC = YES;
				CLANG_ENABLE_OBJC_WEAK = YES;
				CLANG_WARN_BLOCK_CAPTURE_AUTORELEASING = YES;
				CLANG_WARN_BOOL_CONVERSION = YES;
				CLANG_WARN_COMMA = YES;
				CLANG_WARN_CONSTANT_CONVERSION = YES;
				CLANG_WARN_DEPRECATED_OBJC_IMPLEMENTATIONS = YES;
				CLANG_WARN_DIRECT_OBJC_ISA_USAGE = YES_ERROR;
				CLANG_WARN_DOCUMENTATION_COMMENTS = YES;
				CLANG_WARN_EMPTY_BODY = YES;
				CLANG_WARN_ENUM_CONVERSION = YES;
				CLANG_WARN_INFINITE_RECURSION = YES;
				CLANG_WARN_INT_CONVERSION = YES;
				CLANG_WARN_NON_LITERAL_NULL_CONVERSION = YES;
				CLANG_WARN_OBJC_IMPLICIT_RETAIN_SELF = YES;
				CLANG_WARN_OBJC_LITERAL_CONVERSION = YES;
				CLANG_WARN_OBJC_ROOT_CLASS = YES_ERROR;
				CLANG_WARN_QUOTED_INCLUDE_IN_FRAMEWORK_HEADER = YES;
				CLANG_WARN_RANGE_LOOP_ANALYSIS = YES;
				CLANG_WARN_STRICT_PROTOTYPES = YES;
				CLANG_WARN_SUSPICIOUS_MOVE = YES;
				CLANG_WARN_UNGUARDED_AVAILABILITY = YES_AGGRESSIVE;
				CLANG_WARN_UNREACHABLE_CODE = YES;
				CLANG_WARN__DUPLICATE_METHOD_MATCH = YES;
				COPY_PHASE_STRIP = NO;
				DEBUG_INFORMATION_FORMAT = dwarf;
				ENABLE_STRICT_OBJC_MSGSEND = YES;
				ENABLE_TESTABILITY = YES;
				GCC_C_LANGUAGE_STANDARD = gnu11;
				GCC_DYNAMIC_NO_PIC = NO;
				GCC_NO_COMMON_BLOCKS = YES;
				GCC_OPTIMIZATION_LEVEL = 0;
				GCC_PREPROCESSOR_DEFINITIONS = (
					"DEBUG=1",
					"$(inherited)",
				);
				GCC_WARN_64_TO_32_BIT_CONVERSION = YES;
				GCC_WARN_ABOUT_RETURN_TYPE = YES_ERROR;
				GCC_WARN_UNDECLARED_SELECTOR = YES;
				GCC_WARN_UNINITIALIZED_AUTOS = YES_AGGRESSIVE;
				GCC_WARN_UNUSED_FUNCTION = YES;
				GCC_WARN_UNUSED_VARIABLE = YES;
				IPHONEOS_DEPLOYMENT_TARGET = 16.4;
				MTL_ENABLE_DEBUG_INFO = INCLUDE_SOURCE;
				MTL_FAST_MATH = YES;
				ONLY_ACTIVE_ARCH = YES;
				SDKROOT = iphoneos;
				SWIFT_ACTIVE_COMPILATION_CONDITIONS = DEBUG;
				SWIFT_OPTIMIZATION_LEVEL = "-Onone";
			};
			name = Debug;
		};
		31DF83DC2B00C8AC0060AB55 /* Release */ = {
			isa = XCBuildConfiguration;
			buildSettings = {
				ALWAYS_SEARCH_USER_PATHS = NO;
				CLANG_ANALYZER_NONNULL = YES;
				CLANG_ANALYZER_NUMBER_OBJECT_CONVERSION = YES_AGGRESSIVE;
				CLANG_CXX_LANGUAGE_STANDARD = "gnu++20";
				CLANG_ENABLE_MODULES = YES;
				CLANG_ENABLE_OBJC_ARC = YES;
				CLANG_ENABLE_OBJC_WEAK = YES;
				CLANG_WARN_BLOCK_CAPTURE_AUTORELEASING = YES;
				CLANG_WARN_BOOL_CONVERSION = YES;
				CLANG_WARN_COMMA = YES;
				CLANG_WARN_CONSTANT_CONVERSION = YES;
				CLANG_WARN_DEPRECATED_OBJC_IMPLEMENTATIONS = YES;
				CLANG_WARN_DIRECT_OBJC_ISA_USAGE = YES_ERROR;
				CLANG_WARN_DOCUMENTATION_COMMENTS = YES;
				CLANG_WARN_EMPTY_BODY = YES;
				CLANG_WARN_ENUM_CONVERSION = YES;
				CLANG_WARN_INFINITE_RECURSION = YES;
				CLANG_WARN_INT_CONVERSION = YES;
				CLANG_WARN_NON_LITERAL_NULL_CONVERSION = YES;
				CLANG_WARN_OBJC_IMPLICIT_RETAIN_SELF = YES;
				CLANG_WARN_OBJC_LITERAL_CONVERSION = YES;
				CLANG_WARN_OBJC_ROOT_CLASS = YES_ERROR;
				CLANG_WARN_QUOTED_INCLUDE_IN_FRAMEWORK_HEADER = YES;
				CLANG_WARN_RANGE_LOOP_ANALYSIS = YES;
				CLANG_WARN_STRICT_PROTOTYPES = YES;
				CLANG_WARN_SUSPICIOUS_MOVE = YES;
				CLANG_WARN_UNGUARDED_AVAILABILITY = YES_AGGRESSIVE;
				CLANG_WARN_UNREACHABLE_CODE = YES;
				CLANG_WARN__DUPLICATE_METHOD_MATCH = YES;
				COPY_PHASE_STRIP = NO;
				DEBUG_INFORMATION_FORMAT = "dwarf-with-dsym";
				ENABLE_NS_ASSERTIONS = NO;
				ENABLE_STRICT_OBJC_MSGSEND = YES;
				GCC_C_LANGUAGE_STANDARD = gnu11;
				GCC_NO_COMMON_BLOCKS = YES;
				GCC_WARN_64_TO_32_BIT_CONVERSION = YES;
				GCC_WARN_ABOUT_RETURN_TYPE = YES_ERROR;
				GCC_WARN_UNDECLARED_SELECTOR = YES;
				GCC_WARN_UNINITIALIZED_AUTOS = YES_AGGRESSIVE;
				GCC_WARN_UNUSED_FUNCTION = YES;
				GCC_WARN_UNUSED_VARIABLE = YES;
				IPHONEOS_DEPLOYMENT_TARGET = 16.4;
				MTL_ENABLE_DEBUG_INFO = NO;
				MTL_FAST_MATH = YES;
				SDKROOT = iphoneos;
				SWIFT_COMPILATION_MODE = wholemodule;
				SWIFT_OPTIMIZATION_LEVEL = "-O";
				VALIDATE_PRODUCT = YES;
			};
			name = Release;
		};
		31DF83DE2B00C8AC0060AB55 /* Debug */ = {
			isa = XCBuildConfiguration;
			buildSettings = {
				ASSETCATALOG_COMPILER_APPICON_NAME = AppIcon;
				ASSETCATALOG_COMPILER_GLOBAL_ACCENT_COLOR_NAME = AccentColor;
				CODE_SIGN_STYLE = Automatic;
				CURRENT_PROJECT_VERSION = 1;
				DEVELOPMENT_TEAM = BYL93S2Z5R;
				GENERATE_INFOPLIST_FILE = YES;
				INFOPLIST_FILE = RickAndMorty/Info.plist;
				INFOPLIST_KEY_UIApplicationSupportsIndirectInputEvents = YES;
				INFOPLIST_KEY_UILaunchStoryboardName = LaunchScreen;
				INFOPLIST_KEY_UISupportedInterfaceOrientations_iPad = "UIInterfaceOrientationPortrait UIInterfaceOrientationPortraitUpsideDown UIInterfaceOrientationLandscapeLeft UIInterfaceOrientationLandscapeRight";
				INFOPLIST_KEY_UISupportedInterfaceOrientations_iPhone = "UIInterfaceOrientationPortrait UIInterfaceOrientationLandscapeLeft UIInterfaceOrientationLandscapeRight";
				LD_RUNPATH_SEARCH_PATHS = (
					"$(inherited)",
					"@executable_path/Frameworks",
				);
				MARKETING_VERSION = 1.0;
				PRODUCT_BUNDLE_IDENTIFIER = kmnso4.RickAndMorty;
				PRODUCT_NAME = "$(TARGET_NAME)";
				SWIFT_EMIT_LOC_STRINGS = YES;
				SWIFT_VERSION = 5.0;
				TARGETED_DEVICE_FAMILY = "1,2";
			};
			name = Debug;
		};
		31DF83DF2B00C8AC0060AB55 /* Release */ = {
			isa = XCBuildConfiguration;
			buildSettings = {
				ASSETCATALOG_COMPILER_APPICON_NAME = AppIcon;
				ASSETCATALOG_COMPILER_GLOBAL_ACCENT_COLOR_NAME = AccentColor;
				CODE_SIGN_STYLE = Automatic;
				CURRENT_PROJECT_VERSION = 1;
				DEVELOPMENT_TEAM = BYL93S2Z5R;
				GENERATE_INFOPLIST_FILE = YES;
				INFOPLIST_FILE = RickAndMorty/Info.plist;
				INFOPLIST_KEY_UIApplicationSupportsIndirectInputEvents = YES;
				INFOPLIST_KEY_UILaunchStoryboardName = LaunchScreen;
				INFOPLIST_KEY_UISupportedInterfaceOrientations_iPad = "UIInterfaceOrientationPortrait UIInterfaceOrientationPortraitUpsideDown UIInterfaceOrientationLandscapeLeft UIInterfaceOrientationLandscapeRight";
				INFOPLIST_KEY_UISupportedInterfaceOrientations_iPhone = "UIInterfaceOrientationPortrait UIInterfaceOrientationLandscapeLeft UIInterfaceOrientationLandscapeRight";
				LD_RUNPATH_SEARCH_PATHS = (
					"$(inherited)",
					"@executable_path/Frameworks",
				);
				MARKETING_VERSION = 1.0;
				PRODUCT_BUNDLE_IDENTIFIER = kmnso4.RickAndMorty;
				PRODUCT_NAME = "$(TARGET_NAME)";
				SWIFT_EMIT_LOC_STRINGS = YES;
				SWIFT_VERSION = 5.0;
				TARGETED_DEVICE_FAMILY = "1,2";
			};
			name = Release;
		};
		31DF83E12B00C8AC0060AB55 /* Debug */ = {
			isa = XCBuildConfiguration;
			buildSettings = {
				ALWAYS_EMBED_SWIFT_STANDARD_LIBRARIES = YES;
				BUNDLE_LOADER = "$(TEST_HOST)";
				CODE_SIGN_STYLE = Automatic;
				CURRENT_PROJECT_VERSION = 1;
				DEVELOPMENT_TEAM = BYL93S2Z5R;
				GENERATE_INFOPLIST_FILE = YES;
				IPHONEOS_DEPLOYMENT_TARGET = 16.4;
				MARKETING_VERSION = 1.0;
				PRODUCT_BUNDLE_IDENTIFIER = kmnso4.RickAndMortyTests;
				PRODUCT_NAME = "$(TARGET_NAME)";
				SWIFT_EMIT_LOC_STRINGS = NO;
				SWIFT_VERSION = 5.0;
				TARGETED_DEVICE_FAMILY = "1,2";
				TEST_HOST = "$(BUILT_PRODUCTS_DIR)/RickAndMorty.app/$(BUNDLE_EXECUTABLE_FOLDER_PATH)/RickAndMorty";
			};
			name = Debug;
		};
		31DF83E22B00C8AC0060AB55 /* Release */ = {
			isa = XCBuildConfiguration;
			buildSettings = {
				ALWAYS_EMBED_SWIFT_STANDARD_LIBRARIES = YES;
				BUNDLE_LOADER = "$(TEST_HOST)";
				CODE_SIGN_STYLE = Automatic;
				CURRENT_PROJECT_VERSION = 1;
				DEVELOPMENT_TEAM = BYL93S2Z5R;
				GENERATE_INFOPLIST_FILE = YES;
				IPHONEOS_DEPLOYMENT_TARGET = 16.4;
				MARKETING_VERSION = 1.0;
				PRODUCT_BUNDLE_IDENTIFIER = kmnso4.RickAndMortyTests;
				PRODUCT_NAME = "$(TARGET_NAME)";
				SWIFT_EMIT_LOC_STRINGS = NO;
				SWIFT_VERSION = 5.0;
				TARGETED_DEVICE_FAMILY = "1,2";
				TEST_HOST = "$(BUILT_PRODUCTS_DIR)/RickAndMorty.app/$(BUNDLE_EXECUTABLE_FOLDER_PATH)/RickAndMorty";
			};
			name = Release;
		};
		31DF83E42B00C8AC0060AB55 /* Debug */ = {
			isa = XCBuildConfiguration;
			buildSettings = {
				ALWAYS_EMBED_SWIFT_STANDARD_LIBRARIES = YES;
				CODE_SIGN_STYLE = Automatic;
				CURRENT_PROJECT_VERSION = 1;
				DEVELOPMENT_TEAM = BYL93S2Z5R;
				GENERATE_INFOPLIST_FILE = YES;
				MARKETING_VERSION = 1.0;
				PRODUCT_BUNDLE_IDENTIFIER = kmnso4.RickAndMortyUITests;
				PRODUCT_NAME = "$(TARGET_NAME)";
				SWIFT_EMIT_LOC_STRINGS = NO;
				SWIFT_VERSION = 5.0;
				TARGETED_DEVICE_FAMILY = "1,2";
				TEST_TARGET_NAME = RickAndMorty;
			};
			name = Debug;
		};
		31DF83E52B00C8AC0060AB55 /* Release */ = {
			isa = XCBuildConfiguration;
			buildSettings = {
				ALWAYS_EMBED_SWIFT_STANDARD_LIBRARIES = YES;
				CODE_SIGN_STYLE = Automatic;
				CURRENT_PROJECT_VERSION = 1;
				DEVELOPMENT_TEAM = BYL93S2Z5R;
				GENERATE_INFOPLIST_FILE = YES;
				MARKETING_VERSION = 1.0;
				PRODUCT_BUNDLE_IDENTIFIER = kmnso4.RickAndMortyUITests;
				PRODUCT_NAME = "$(TARGET_NAME)";
				SWIFT_EMIT_LOC_STRINGS = NO;
				SWIFT_VERSION = 5.0;
				TARGETED_DEVICE_FAMILY = "1,2";
				TEST_TARGET_NAME = RickAndMorty;
			};
			name = Release;
		};
/* End XCBuildConfiguration section */

/* Begin XCConfigurationList section */
		31DF83AE2B00C8AA0060AB55 /* Build configuration list for PBXProject "RickAndMorty" */ = {
			isa = XCConfigurationList;
			buildConfigurations = (
				31DF83DB2B00C8AC0060AB55 /* Debug */,
				31DF83DC2B00C8AC0060AB55 /* Release */,
			);
			defaultConfigurationIsVisible = 0;
			defaultConfigurationName = Release;
		};
		31DF83DD2B00C8AC0060AB55 /* Build configuration list for PBXNativeTarget "RickAndMorty" */ = {
			isa = XCConfigurationList;
			buildConfigurations = (
				31DF83DE2B00C8AC0060AB55 /* Debug */,
				31DF83DF2B00C8AC0060AB55 /* Release */,
			);
			defaultConfigurationIsVisible = 0;
			defaultConfigurationName = Release;
		};
		31DF83E02B00C8AC0060AB55 /* Build configuration list for PBXNativeTarget "RickAndMortyTests" */ = {
			isa = XCConfigurationList;
			buildConfigurations = (
				31DF83E12B00C8AC0060AB55 /* Debug */,
				31DF83E22B00C8AC0060AB55 /* Release */,
			);
			defaultConfigurationIsVisible = 0;
			defaultConfigurationName = Release;
		};
		31DF83E32B00C8AC0060AB55 /* Build configuration list for PBXNativeTarget "RickAndMortyUITests" */ = {
			isa = XCConfigurationList;
			buildConfigurations = (
				31DF83E42B00C8AC0060AB55 /* Debug */,
				31DF83E52B00C8AC0060AB55 /* Release */,
			);
			defaultConfigurationIsVisible = 0;
			defaultConfigurationName = Release;
		};
/* End XCConfigurationList section */
	};
	rootObject = 31DF83AB2B00C8AA0060AB55 /* Project object */;
}
